
Microsoft Visual Studio Solution File, Format Version 12.00
# Visual Studio 15
VisualStudioVersion = 15.0.26430.15
MinimumVisualStudioVersion = 10.0.40219.1
Project("{FAE04EC0-301F-11D3-BF4B-00C04F79EFBC}") = "MyTools.Desktop.App", "MyTools.Desktop.App\MyTools.Desktop.App.csproj", "{3A0E16ED-E84D-46D7-A4C1-BB47BD8D6F80}"
EndProject
Project("{FAE04EC0-301F-11D3-BF4B-00C04F79EFBC}") = "MyTools.Desktop.Updater", "MyTools.Desktop.Updater\MyTools.Desktop.Updater.csproj", "{2E1D7A99-D7DE-4C71-89B3-A4C951FC6694}"
EndProject
Global
	GlobalSection(SolutionConfigurationPlatforms) = preSolution
		Debug|Any CPU = Debug|Any CPU
		Release|Any CPU = Release|Any CPU
	EndGlobalSection
	GlobalSection(ProjectConfigurationPlatforms) = postSolution
		{3A0E16ED-E84D-46D7-A4C1-BB47BD8D6F80}.Debug|Any CPU.ActiveCfg = Debug|Any CPU
		{3A0E16ED-E84D-46D7-A4C1-BB47BD8D6F80}.Debug|Any CPU.Build.0 = Debug|Any CPU
		{3A0E16ED-E84D-46D7-A4C1-BB47BD8D6F80}.Release|Any CPU.ActiveCfg = Release|Any CPU
		{3A0E16ED-E84D-46D7-A4C1-BB47BD8D6F80}.Release|Any CPU.Build.0 = Release|Any CPU
		{2E1D7A99-D7DE-4C71-89B3-A4C951FC6694}.Debug|Any CPU.ActiveCfg = Debug|Any CPU
		{2E1D7A99-D7DE-4C71-89B3-A4C951FC6694}.Debug|Any CPU.Build.0 = Debug|Any CPU
		{2E1D7A99-D7DE-4C71-89B3-A4C951FC6694}.Release|Any CPU.ActiveCfg = Release|Any CPU
		{2E1D7A99-D7DE-4C71-89B3-A4C951FC6694}.Release|Any CPU.Build.0 = Release|Any CPU
	EndGlobalSection
	GlobalSection(SolutionProperties) = preSolution
		HideSolutionNode = FALSE
	EndGlobalSection
	GlobalSection(ExtensibilityGlobals) = postSolution
		SolutionGuid = {6FDC9024-636C-4561-8497-14B57A5814CE}
	EndGlobalSection
EndGlobal
